# THIS IS AN AUTOGENERATED FILE. DO NOT EDIT THIS FILE DIRECTLY.
# yarn lockfile v1


asap@~2.0.3:
  version "2.0.6"
  resolved "https://registry.node-modules.io/tarballs/asap/2.0.6.tgz#e50347611d7e690943208bbdafebcbc2fb866d46"

assertion-error@^1.0.1:
  version "1.1.0"
  resolved "https://registry.node-modules.io/tarballs/assertion-error/1.1.0.tgz#e60b6b0e8f301bd97e5375215bda406c85118c0b"

async-limiter@~1.0.0:
  version "1.0.0"
  resolved "https://registry.node-modules.io/tarballs/async-limiter/1.0.0.tgz#78faed8c3d074ab81f22b4e985d79e8738f720f8"

chai@^4.1.2:
  version "4.1.2"
  resolved "https://registry.node-modules.io/tarballs/chai/4.1.2.tgz#0f64584ba642f0f2ace2806279f4f06ca23ad73c"
  dependencies:
    assertion-error "^1.0.1"
    check-error "^1.0.1"
    deep-eql "^3.0.0"
    get-func-name "^2.0.0"
    pathval "^1.0.0"
    type-detect "^4.0.0"

check-error@^1.0.1:
  version "1.0.2"
  resolved "https://registry.node-modules.io/tarballs/check-error/1.0.2.tgz#574d312edd88bb5dd8912e9286dd6c0aed4aac82"

core-js@^1.0.0:
  version "1.2.7"
  resolved "https://registry.node-modules.io/tarballs/core-js/1.2.7.tgz#652294c14651db28fa93bd2d5ff2983a4f08c636"

d@1:
  version "1.0.0"
  resolved "https://registry.node-modules.io/tarballs/d/1.0.0.tgz#754bb5bfe55451da69a58b94d45f4c5b0462d58f"
  dependencies:
    es5-ext "^0.10.9"

d@~0.1.1:
  version "0.1.1"
  resolved "https://registry.node-modules.io/tarballs/d/0.1.1.tgz#da184c535d18d8ee7ba2aa229b914009fae11309"
  dependencies:
    es5-ext "~0.10.2"

deep-eql@^3.0.0:
  version "3.0.1"
  resolved "https://registry.node-modules.io/tarballs/deep-eql/3.0.1.tgz#dfc9404400ad1c8fe023e7da1df1c147c4b444df"
  dependencies:
    type-detect "^4.0.0"

es5-ext@^0.10.35, es5-ext@^0.10.9, es5-ext@~0.10.10, es5-ext@~0.10.14, es5-ext@~0.10.2:
  version "0.10.46"
  resolved "https://registry.node-modules.io/tarballs/es5-ext/0.10.46.tgz#efd99f67c5a7ec789baa3daa7f79870388f7f572"
  dependencies:
    es6-iterator "~2.0.3"
    es6-symbol "~3.1.1"
    next-tick "1"

es6-iterator@~2.0.3:
  version "2.0.3"
  resolved "https://registry.node-modules.io/tarballs/es6-iterator/2.0.3.tgz#a7de889141a05a94b0854403b2d0a0fbfa98f3b7"
  dependencies:
    d "1"
    es5-ext "^0.10.35"
    es6-symbol "^3.1.1"

es6-symbol@3.0.2:
  version "3.0.2"
  resolved "https://registry.node-modules.io/tarballs/es6-symbol/3.0.2.tgz#1e928878c6f5e63541625b4bb4df4af07d154219"
  dependencies:
    d "~0.1.1"
    es5-ext "~0.10.10"

es6-symbol@^3.1.1, es6-symbol@~3.1.1:
  version "3.1.1"
  resolved "https://registry.node-modules.io/tarballs/es6-symbol/3.1.1.tgz#bf00ef4fdab6ba1b46ecb7b629b4c7ed5715cc77"
  dependencies:
    d "1"
    es5-ext "~0.10.14"

fbjs@0.5.1:
  version "0.5.1"
  resolved "https://registry.node-modules.io/tarballs/fbjs/0.5.1.tgz#db17fe609777a17a25b6c8b045303adad3339203"
  dependencies:
    core-js "^1.0.0"
    loose-envify "^1.0.0"
    promise "^7.0.3"
    ua-parser-js "^0.7.9"
    whatwg-fetch "^0.9.0"

get-func-name@^2.0.0:
  version "2.0.0"
  resolved "https://registry.node-modules.io/tarballs/get-func-name/2.0.0.tgz#ead774abee72e20409433a066366023dd6887a41"

immutable@3.7.6:
  version "3.7.6"
  resolved "https://registry.node-modules.io/tarballs/immutable/3.7.6.tgz#13b4d3cb12befa15482a26fe1b2ebae640071e4b"

"js-tokens@^3.0.0 || ^4.0.0":
  version "4.0.0"
  resolved "https://registry.node-modules.io/tarballs/js-tokens/4.0.0.tgz#19203fb59991df98e3a287050d4647cdeaf32499"

loose-envify@^1.0.0:
  version "1.4.0"
  resolved "https://registry.node-modules.io/tarballs/loose-envify/1.4.0.tgz#71ee51fa7be4caec1a63839f7e682d8132d30caf"
  dependencies:
    js-tokens "^3.0.0 || ^4.0.0"

next-tick@1:
  version "1.0.0"
  resolved "https://registry.node-modules.io/tarballs/next-tick/1.0.0.tgz#ca86d1fe8828169b0120208e3dc8424b9db8342c"

object-assign@4.0.1:
  version "4.0.1"
  resolved "https://registry.node-modules.io/tarballs/object-assign/4.0.1.tgz#99504456c3598b5cad4fc59c26e8a9bb107fe0bd"

pathval@^1.0.0:
  version "1.1.0"
  resolved "https://registry.node-modules.io/tarballs/pathval/1.1.0.tgz#b942e6d4bde653005ef6b71361def8727d0645e0"

promise@^7.0.3:
  version "7.3.1"
  resolved "https://registry.node-modules.io/tarballs/promise/7.3.1.tgz#064b72602b18f90f29192b8b1bc418ffd1ebd3bf"
  dependencies:
    asap "~2.0.3"

react-dom-model-selectors@^0.4.1:
  version "0.4.1"
  resolved "https://registry.node-modules.io/tarballs/react-dom-model-selectors/0.4.1.tgz#dabe7a672390056aabb22b07866bf439aada073f"
  dependencies:
    chai "^4.1.2"

react-dom-model@^0.4.2:
  version "0.4.2"
  resolved "https://registry.node-modules.io/tarballs/react-dom-model/0.4.2.tgz#f1ff8969bdea96e31740423a06a3bb96777b4fb6"
  dependencies:
    es6-symbol "3.0.2"
    fbjs "0.5.1"
    immutable "3.7.6"
    object-assign "4.0.1"
    ws "^3.3.1"

safe-buffer@~5.1.0:
  version "5.1.2"
  resolved "https://registry.node-modules.io/tarballs/safe-buffer/5.1.2.tgz#991ec69d296e0313747d59bdfd2b745c35f8828d"

type-detect@^4.0.0:
  version "4.0.8"
  resolved "https://registry.node-modules.io/tarballs/type-detect/4.0.8.tgz#7646fb5f18871cfbb7749e69bd39a6388eb7450c"

ua-parser-js@^0.7.9:
  version "0.7.18"
  resolved "https://registry.node-modules.io/tarballs/ua-parser-js/0.7.18.tgz#a7bfd92f56edfb117083b69e31d2aa8882d4b1ed"

ultron@~1.1.0:
  version "1.1.1"
  resolved "https://registry.node-modules.io/tarballs/ultron/1.1.1.tgz#9fe1536a10a664a65266a1e3ccf85fd36302bc9c"

whatwg-fetch@^0.9.0:
  version "0.9.0"
  resolved "https://registry.node-modules.io/tarballs/whatwg-fetch/0.9.0.tgz#0e3684c6cb9995b43efc9df03e4c365d95fd9cc0"

ws@^3.3.1:
  version "3.3.3"
  resolved "https://registry.node-modules.io/tarballs/ws/3.3.3.tgz#f1cf84fe2d5e901ebce94efaece785f187a228f2"
  dependencies:
    async-limiter "~1.0.0"
    safe-buffer "~5.1.0"
    ultron "~1.1.0"
